{
	"name": "@sthzg/jsugen-core",
	"version": "0.1.4",
	"lockfileVersion": 1,
	"requires": true,
	"dependencies": {
		"@cloudflare/json-schema-walker": {
			"version": "0.1.1",
			"resolved": "https://registry.npmjs.org/@cloudflare/json-schema-walker/-/json-schema-walker-0.1.1.tgz",
			"integrity": "sha512-P3n0hEgk1m6uKWgL4Yb1owzXVG4pM70G4kRnDQxZXiVvfCRtaqiHu+ZRiRPzmwGBiLTO1LWc2yR1M8oz0YkXww=="
		},
		"lodash.camelcase": {
			"version": "4.3.0",
			"resolved": "https://registry.npmjs.org/lodash.camelcase/-/lodash.camelcase-4.3.0.tgz",
			"integrity": "sha1-soqmKIorn8ZRA1x3EfZathkDMaY="
		},
		"lodash.castarray": {
			"version": "4.4.0",
			"resolved": "https://registry.npmjs.org/lodash.castarray/-/lodash.castarray-4.4.0.tgz",
			"integrity": "sha1-wCUTUV4wna3dTCTGDP3c9ZdtkRU="
		},
		"lodash.clonedeep": {
			"version": "4.5.0",
			"resolved": "https://registry.npmjs.org/lodash.clonedeep/-/lodash.clonedeep-4.5.0.tgz",
			"integrity": "sha1-4j8/nE+Pvd6HJSnBBxhXoIblzO8="
		},
		"lodash.first": {
			"version": "3.0.0",
			"resolved": "https://registry.npmjs.org/lodash.first/-/lodash.first-3.0.0.tgz",
			"integrity": "sha1-Xa4YDX+BjuZfxbIQsQSnu++YoWo="
		},
		"lodash.flow": {
			"version": "3.5.0",
			"resolved": "https://registry.npmjs.org/lodash.flow/-/lodash.flow-3.5.0.tgz",
			"integrity": "sha1-h79AKSuM+D5OjOGjrkIJ4gBxZ1o="
		},
		"lodash.get": {
			"version": "4.4.2",
			"resolved": "https://registry.npmjs.org/lodash.get/-/lodash.get-4.4.2.tgz",
			"integrity": "sha1-LRd/ZS+jHpObRDjVNBSZ36OCXpk="
		},
		"lodash.isempty": {
			"version": "4.4.0",
			"resolved": "https://registry.npmjs.org/lodash.isempty/-/lodash.isempty-4.4.0.tgz",
			"integrity": "sha1-b4bL7di+TsmHvpqvM8loTbGzHn4="
		},
		"lodash.merge": {
			"version": "4.6.1",
			"resolved": "https://registry.npmjs.org/lodash.merge/-/lodash.merge-4.6.1.tgz",
			"integrity": "sha512-AOYza4+Hf5z1/0Hztxpm2/xiPZgi/cjMqdnKTUWTBSKchJlxXXuUSxCCl8rJlf4g6yww/j6mA8nC8Hw/EZWxKQ=="
		},
		"lodash.set": {
			"version": "4.3.2",
			"resolved": "https://registry.npmjs.org/lodash.set/-/lodash.set-4.3.2.tgz",
			"integrity": "sha1-2HV7HagH3eJIFrDWqEvqGnYjCyM="
		},
		"lodash.snakecase": {
			"version": "4.1.1",
			"resolved": "https://registry.npmjs.org/lodash.snakecase/-/lodash.snakecase-4.1.1.tgz",
			"integrity": "sha1-OdcUo1NXFHg3rv1ktdy7Fr7Nj40="
		},
		"lodash.upperfirst": {
			"version": "4.3.1",
			"resolved": "https://registry.npmjs.org/lodash.upperfirst/-/lodash.upperfirst-4.3.1.tgz",
			"integrity": "sha1-E2Xt9DFIBIHvDRxolXpe2Z1J984="
		},
		"prettier": {
			"version": "1.17.0",
			"resolved": "https://registry.npmjs.org/prettier/-/prettier-1.17.0.tgz",
			"integrity": "sha512-sXe5lSt2WQlCbydGETgfm1YBShgOX4HxQkFPvbxkcwgDvGDeqVau8h+12+lmSVlP3rHPz0oavfddSZg/q+Szjw=="
		},
		"rxjs": {
			"version": "6.5.1",
			"resolved": "https://registry.npmjs.org/rxjs/-/rxjs-6.5.1.tgz",
			"integrity": "sha512-y0j31WJc83wPu31vS1VlAFW5JGrnGC+j+TtGAa1fRQphy48+fDYiDmX8tjGloToEsMkxnouOg/1IzXGKkJnZMg==",
			"requires": {
				"tslib": "^1.9.0"
			}
		},
		"tslib": {
			"version": "1.9.3",
			"resolved": "https://registry.npmjs.org/tslib/-/tslib-1.9.3.tgz",
			"integrity": "sha512-4krF8scpejhaOgqzBEcGM7yDIEfi0/8+8zDRZhNZZ2kjmHJ4hv3zCbQWxoJGz1iw5U0Jl0nma13xzHXcncMavQ=="
		}
	}
}
