{
	"name": "@sthzg/jsugen-core",
	"version": "0.1.2",
	"lockfileVersion": 1,
	"requires": true,
	"dependencies": {
		"@cloudflare/json-schema-walker": {
			"version": "0.1.1",
			"resolved": "https://registry.npmjs.org/@cloudflare/json-schema-walker/-/json-schema-walker-0.1.1.tgz",
			"integrity": "sha512-P3n0hEgk1m6uKWgL4Yb1owzXVG4pM70G4kRnDQxZXiVvfCRtaqiHu+ZRiRPzmwGBiLTO1LWc2yR1M8oz0YkXww=="
		},
		"lodash.castarray": {
			"version": "4.4.0",
			"resolved": "https://registry.npmjs.org/lodash.castarray/-/lodash.castarray-4.4.0.tgz",
			"integrity": "sha1-wCUTUV4wna3dTCTGDP3c9ZdtkRU="
		},
		"lodash.clonedeep": {
			"version": "4.5.0",
			"resolved": "https://registry.npmjs.org/lodash.clonedeep/-/lodash.clonedeep-4.5.0.tgz",
			"integrity": "sha1-4j8/nE+Pvd6HJSnBBxhXoIblzO8="
		},
		"lodash.first": {
			"version": "3.0.0",
			"resolved": "https://registry.npmjs.org/lodash.first/-/lodash.first-3.0.0.tgz",
			"integrity": "sha1-Xa4YDX+BjuZfxbIQsQSnu++YoWo="
		},
		"lodash.get": {
			"version": "4.4.2",
			"resolved": "https://registry.npmjs.org/lodash.get/-/lodash.get-4.4.2.tgz",
			"integrity": "sha1-LRd/ZS+jHpObRDjVNBSZ36OCXpk="
		},
		"lodash.isempty": {
			"version": "4.4.0",
			"resolved": "https://registry.npmjs.org/lodash.isempty/-/lodash.isempty-4.4.0.tgz",
			"integrity": "sha1-b4bL7di+TsmHvpqvM8loTbGzHn4="
		},
		"lodash.merge": {
			"version": "4.6.1",
			"resolved": "https://registry.npmjs.org/lodash.merge/-/lodash.merge-4.6.1.tgz",
			"integrity": "sha512-AOYza4+Hf5z1/0Hztxpm2/xiPZgi/cjMqdnKTUWTBSKchJlxXXuUSxCCl8rJlf4g6yww/j6mA8nC8Hw/EZWxKQ=="
		},
		"lodash.set": {
			"version": "4.3.2",
			"resolved": "https://registry.npmjs.org/lodash.set/-/lodash.set-4.3.2.tgz",
			"integrity": "sha1-2HV7HagH3eJIFrDWqEvqGnYjCyM="
		},
		"lodash.snakecase": {
			"version": "4.1.1",
			"resolved": "https://registry.npmjs.org/lodash.snakecase/-/lodash.snakecase-4.1.1.tgz",
			"integrity": "sha1-OdcUo1NXFHg3rv1ktdy7Fr7Nj40="
		},
		"prettier": {
			"version": "1.16.4",
			"resolved": "https://registry.npmjs.org/prettier/-/prettier-1.16.4.tgz",
			"integrity": "sha512-ZzWuos7TI5CKUeQAtFd6Zhm2s6EpAD/ZLApIhsF9pRvRtM1RFo61dM/4MSRUA0SuLugA/zgrZD8m0BaY46Og7g=="
		},
		"rxjs": {
			"version": "6.5.1",
			"resolved": "https://registry.npmjs.org/rxjs/-/rxjs-6.5.1.tgz",
			"integrity": "sha512-y0j31WJc83wPu31vS1VlAFW5JGrnGC+j+TtGAa1fRQphy48+fDYiDmX8tjGloToEsMkxnouOg/1IzXGKkJnZMg==",
			"requires": {
				"tslib": "^1.9.0"
			}
		},
		"tslib": {
			"version": "1.9.3",
			"resolved": "https://registry.npmjs.org/tslib/-/tslib-1.9.3.tgz",
			"integrity": "sha512-4krF8scpejhaOgqzBEcGM7yDIEfi0/8+8zDRZhNZZ2kjmHJ4hv3zCbQWxoJGz1iw5U0Jl0nma13xzHXcncMavQ=="
		}
	}
}
